{
  "name": "generative-gestaltung-2022-template",
  "version": "0.1.0",
  "lockfileVersion": 2,
  "requires": true,
  "packages": {
    "": {
      "name": "generative-gestaltung-2022-template",
      "version": "0.1.0",
      "devDependencies": {
        "@types/p5": "1.4.2",
        "prettier": "2.7.1"
      }
    },
    "node_modules/@types/p5": {
      "version": "1.4.2",
      "resolved": "https://registry.npmjs.org/@types/p5/-/p5-1.4.2.tgz",
      "integrity": "sha512-tzJ2PdmeXlX8tidbA1/pQEhs0MHVWam0K4ux5ri0GrZXhBU3QrpTpSVzNaBDuo6KheryHdH8wR82x1nPvxo42g==",
      "dev": true
    },
    "node_modules/prettier": {
      "version": "2.7.1",
      "resolved": "https://registry.npmjs.org/prettier/-/prettier-2.7.1.tgz",
      "integrity": "sha512-ujppO+MkdPqoVINuDFDRLClm7D78qbDt0/NR+wp5FqEZOoTNAjPHWj17QRhu7geIHJfcNhRk1XVQmF8Bp3ye+g==",
      "dev": true,
      "bin": {
        "prettier": "bin-prettier.js"
      },
      "engines": {
        "node": ">=10.13.0"
      },
      "funding": {
        "url": "https://github.com/prettier/prettier?sponsor=1"
      }
    }
  },
  "dependencies": {
    "@types/p5": {
      "version": "1.4.2",
      "resolved": "https://registry.npmjs.org/@types/p5/-/p5-1.4.2.tgz",
      "integrity": "sha512-tzJ2PdmeXlX8tidbA1/pQEhs0MHVWam0K4ux5ri0GrZXhBU3QrpTpSVzNaBDuo6KheryHdH8wR82x1nPvxo42g==",
      "dev": true
    },
    "prettier": {
      "version": "2.7.1",
      "resolved": "https://registry.npmjs.org/prettier/-/prettier-2.7.1.tgz",
      "integrity": "sha512-ujppO+MkdPqoVINuDFDRLClm7D78qbDt0/NR+wp5FqEZOoTNAjPHWj17QRhu7geIHJfcNhRk1XVQmF8Bp3ye+g==",
      "dev": true
    }
  }
}
